
Microsoft Visual Studio Solution File, Format Version 12.00
# Visual Studio Version 16
VisualStudioVersion = 16.0.29411.108
MinimumVisualStudioVersion = 10.0.40219.1
Project("{8BC9CEB8-8B4A-11D0-8D11-00A0C91BC942}") = "Test3_16", "Test3_16.vcxproj", "{164133ED-67A2-4C9B-9DFB-BEDC9C3B303D}"
EndProject
Global
	GlobalSection(SolutionConfigurationPlatforms) = preSolution
		Debug|x64 = Debug|x64
		Debug|x86 = Debug|x86
		Release|x64 = Release|x64
		Release|x86 = Release|x86
	EndGlobalSection
	GlobalSection(ProjectConfigurationPlatforms) = postSolution
		{164133ED-67A2-4C9B-9DFB-BEDC9C3B303D}.Debug|x64.ActiveCfg = Debug|x64
		{164133ED-67A2-4C9B-9DFB-BEDC9C3B303D}.Debug|x64.Build.0 = Debug|x64
		{164133ED-67A2-4C9B-9DFB-BEDC9C3B303D}.Debug|x86.ActiveCfg = Debug|Win32
		{164133ED-67A2-4C9B-9DFB-BEDC9C3B303D}.Debug|x86.Build.0 = Debug|Win32
		{164133ED-67A2-4C9B-9DFB-BEDC9C3B303D}.Release|x64.ActiveCfg = Release|x64
		{164133ED-67A2-4C9B-9DFB-BEDC9C3B303D}.Release|x64.Build.0 = Release|x64
		{164133ED-67A2-4C9B-9DFB-BEDC9C3B303D}.Release|x86.ActiveCfg = Release|Win32
		{164133ED-67A2-4C9B-9DFB-BEDC9C3B303D}.Release|x86.Build.0 = Release|Win32
	EndGlobalSection
	GlobalSection(SolutionProperties) = preSolution
		HideSolutionNode = FALSE
	EndGlobalSection
	GlobalSection(ExtensibilityGlobals) = postSolution
		SolutionGuid = {30F13F8F-B133-4CDA-998D-9021F6A2F858}
	EndGlobalSection
EndGlobal
